
Microsoft Visual Studio Solution File, Format Version 12.00
# Visual Studio 14
VisualStudioVersion = 14.0.25420.1
MinimumVisualStudioVersion = 10.0.40219.1
Project("{FAE04EC0-301F-11D3-BF4B-00C04F79EFBC}") = "Demo", "Demo\Demo.csproj", "{8433D5B5-1CD3-42FA-B4BF-9F0FD38329D5}"
EndProject
Project("{FAE04EC0-301F-11D3-BF4B-00C04F79EFBC}") = "Allocate array", "Problem 1. Allocate array\Allocate array.csproj", "{8D62510D-F032-4469-9EC1-D07D5E0320BC}"
EndProject
Project("{FAE04EC0-301F-11D3-BF4B-00C04F79EFBC}") = "Compare arrays", "Compare arrays\Compare arrays.csproj", "{3BC437AD-E2AE-4D0E-9B22-2E5156ECB067}"
EndProject
Project("{FAE04EC0-301F-11D3-BF4B-00C04F79EFBC}") = "Compare char arrays", "Compare char arrays\Compare char arrays.csproj", "{D0822830-2249-4EAF-837C-8B7755F4FA63}"
EndProject
Project("{FAE04EC0-301F-11D3-BF4B-00C04F79EFBC}") = "Maximal sequence", "Maximal sequence\Maximal sequence.csproj", "{E1254E16-96E1-4A4D-B83C-043A62D733B9}"
EndProject
Project("{FAE04EC0-301F-11D3-BF4B-00C04F79EFBC}") = "MaximalIncreasingSequence", "MaximalIncreasingSequence\MaximalIncreasingSequence.csproj", "{A542BABA-6B3E-4D93-AE0D-5416EBDFCE8E}"
EndProject
Project("{FAE04EC0-301F-11D3-BF4B-00C04F79EFBC}") = "MaximalKSum", "MaximalKSum\MaximalKSum.csproj", "{E20C3E01-C9D1-4851-BD1A-CA3D9FFE8E1E}"
EndProject
Project("{FAE04EC0-301F-11D3-BF4B-00C04F79EFBC}") = "MaximalKSum_LINQ", "MaximalKSum_LINQ\MaximalKSum_LINQ.csproj", "{206D9368-9C8B-46BD-B928-BDCBC0CC3E61}"
EndProject
Project("{FAE04EC0-301F-11D3-BF4B-00C04F79EFBC}") = "Selection sort", "Selection sort\Selection sort.csproj", "{EB456AFC-B5E2-466E-B8A3-0C2549887636}"
EndProject
Project("{FAE04EC0-301F-11D3-BF4B-00C04F79EFBC}") = "Maximal sum", "Maximal sum\Maximal sum.csproj", "{CDC49FF6-7D02-4414-A852-E9CA11408E7B}"
EndProject
Project("{FAE04EC0-301F-11D3-BF4B-00C04F79EFBC}") = "Maximal sum 2", "Maximal sum 2\Maximal sum 2.csproj", "{5660D235-738E-494B-93BF-F57C84047ADC}"
EndProject
Project("{FAE04EC0-301F-11D3-BF4B-00C04F79EFBC}") = "Frequent number", "Frequent number\Frequent number.csproj", "{EAB90B78-1B7C-4D22-B275-5090FE2C64A1}"
EndProject
Project("{FAE04EC0-301F-11D3-BF4B-00C04F79EFBC}") = "Binary search", "Binary search\Binary search.csproj", "{3CC1D331-01CF-4DB0-B803-A213466D5A43}"
EndProject
Project("{FAE04EC0-301F-11D3-BF4B-00C04F79EFBC}") = "Index of letters", "Index of letters\Index of letters.csproj", "{8ACB8E3D-504E-4C00-AF38-929EF03A2179}"
EndProject
Project("{FAE04EC0-301F-11D3-BF4B-00C04F79EFBC}") = "Index of Letters - Simple", "Index of Letters - Simple\Index of Letters - Simple.csproj", "{3B6C7733-0F7F-4DEC-B702-F13620DE372E}"
EndProject
Global
	GlobalSection(SolutionConfigurationPlatforms) = preSolution
		Debug|Any CPU = Debug|Any CPU
		Release|Any CPU = Release|Any CPU
	EndGlobalSection
	GlobalSection(ProjectConfigurationPlatforms) = postSolution
		{8433D5B5-1CD3-42FA-B4BF-9F0FD38329D5}.Debug|Any CPU.ActiveCfg = Debug|Any CPU
		{8433D5B5-1CD3-42FA-B4BF-9F0FD38329D5}.Debug|Any CPU.Build.0 = Debug|Any CPU
		{8433D5B5-1CD3-42FA-B4BF-9F0FD38329D5}.Release|Any CPU.ActiveCfg = Release|Any CPU
		{8433D5B5-1CD3-42FA-B4BF-9F0FD38329D5}.Release|Any CPU.Build.0 = Release|Any CPU
		{8D62510D-F032-4469-9EC1-D07D5E0320BC}.Debug|Any CPU.ActiveCfg = Debug|Any CPU
		{8D62510D-F032-4469-9EC1-D07D5E0320BC}.Debug|Any CPU.Build.0 = Debug|Any CPU
		{8D62510D-F032-4469-9EC1-D07D5E0320BC}.Release|Any CPU.ActiveCfg = Release|Any CPU
		{8D62510D-F032-4469-9EC1-D07D5E0320BC}.Release|Any CPU.Build.0 = Release|Any CPU
		{3BC437AD-E2AE-4D0E-9B22-2E5156ECB067}.Debug|Any CPU.ActiveCfg = Debug|Any CPU
		{3BC437AD-E2AE-4D0E-9B22-2E5156ECB067}.Debug|Any CPU.Build.0 = Debug|Any CPU
		{3BC437AD-E2AE-4D0E-9B22-2E5156ECB067}.Release|Any CPU.ActiveCfg = Release|Any CPU
		{3BC437AD-E2AE-4D0E-9B22-2E5156ECB067}.Release|Any CPU.Build.0 = Release|Any CPU
		{D0822830-2249-4EAF-837C-8B7755F4FA63}.Debug|Any CPU.ActiveCfg = Debug|Any CPU
		{D0822830-2249-4EAF-837C-8B7755F4FA63}.Debug|Any CPU.Build.0 = Debug|Any CPU
		{D0822830-2249-4EAF-837C-8B7755F4FA63}.Release|Any CPU.ActiveCfg = Release|Any CPU
		{D0822830-2249-4EAF-837C-8B7755F4FA63}.Release|Any CPU.Build.0 = Release|Any CPU
		{E1254E16-96E1-4A4D-B83C-043A62D733B9}.Debug|Any CPU.ActiveCfg = Debug|Any CPU
		{E1254E16-96E1-4A4D-B83C-043A62D733B9}.Debug|Any CPU.Build.0 = Debug|Any CPU
		{E1254E16-96E1-4A4D-B83C-043A62D733B9}.Release|Any CPU.ActiveCfg = Release|Any CPU
		{E1254E16-96E1-4A4D-B83C-043A62D733B9}.Release|Any CPU.Build.0 = Release|Any CPU
		{A542BABA-6B3E-4D93-AE0D-5416EBDFCE8E}.Debug|Any CPU.ActiveCfg = Debug|Any CPU
		{A542BABA-6B3E-4D93-AE0D-5416EBDFCE8E}.Debug|Any CPU.Build.0 = Debug|Any CPU
		{A542BABA-6B3E-4D93-AE0D-5416EBDFCE8E}.Release|Any CPU.ActiveCfg = Release|Any CPU
		{A542BABA-6B3E-4D93-AE0D-5416EBDFCE8E}.Release|Any CPU.Build.0 = Release|Any CPU
		{E20C3E01-C9D1-4851-BD1A-CA3D9FFE8E1E}.Debug|Any CPU.ActiveCfg = Debug|Any CPU
		{E20C3E01-C9D1-4851-BD1A-CA3D9FFE8E1E}.Debug|Any CPU.Build.0 = Debug|Any CPU
		{E20C3E01-C9D1-4851-BD1A-CA3D9FFE8E1E}.Release|Any CPU.ActiveCfg = Release|Any CPU
		{E20C3E01-C9D1-4851-BD1A-CA3D9FFE8E1E}.Release|Any CPU.Build.0 = Release|Any CPU
		{206D9368-9C8B-46BD-B928-BDCBC0CC3E61}.Debug|Any CPU.ActiveCfg = Debug|Any CPU
		{206D9368-9C8B-46BD-B928-BDCBC0CC3E61}.Debug|Any CPU.Build.0 = Debug|Any CPU
		{206D9368-9C8B-46BD-B928-BDCBC0CC3E61}.Release|Any CPU.ActiveCfg = Release|Any CPU
		{206D9368-9C8B-46BD-B928-BDCBC0CC3E61}.Release|Any CPU.Build.0 = Release|Any CPU
		{EB456AFC-B5E2-466E-B8A3-0C2549887636}.Debug|Any CPU.ActiveCfg = Debug|Any CPU
		{EB456AFC-B5E2-466E-B8A3-0C2549887636}.Debug|Any CPU.Build.0 = Debug|Any CPU
		{EB456AFC-B5E2-466E-B8A3-0C2549887636}.Release|Any CPU.ActiveCfg = Release|Any CPU
		{EB456AFC-B5E2-466E-B8A3-0C2549887636}.Release|Any CPU.Build.0 = Release|Any CPU
		{CDC49FF6-7D02-4414-A852-E9CA11408E7B}.Debug|Any CPU.ActiveCfg = Debug|Any CPU
		{CDC49FF6-7D02-4414-A852-E9CA11408E7B}.Debug|Any CPU.Build.0 = Debug|Any CPU
		{CDC49FF6-7D02-4414-A852-E9CA11408E7B}.Release|Any CPU.ActiveCfg = Release|Any CPU
		{CDC49FF6-7D02-4414-A852-E9CA11408E7B}.Release|Any CPU.Build.0 = Release|Any CPU
		{5660D235-738E-494B-93BF-F57C84047ADC}.Debug|Any CPU.ActiveCfg = Debug|Any CPU
		{5660D235-738E-494B-93BF-F57C84047ADC}.Debug|Any CPU.Build.0 = Debug|Any CPU
		{5660D235-738E-494B-93BF-F57C84047ADC}.Release|Any CPU.ActiveCfg = Release|Any CPU
		{5660D235-738E-494B-93BF-F57C84047ADC}.Release|Any CPU.Build.0 = Release|Any CPU
		{EAB90B78-1B7C-4D22-B275-5090FE2C64A1}.Debug|Any CPU.ActiveCfg = Debug|Any CPU
		{EAB90B78-1B7C-4D22-B275-5090FE2C64A1}.Debug|Any CPU.Build.0 = Debug|Any CPU
		{EAB90B78-1B7C-4D22-B275-5090FE2C64A1}.Release|Any CPU.ActiveCfg = Release|Any CPU
		{EAB90B78-1B7C-4D22-B275-5090FE2C64A1}.Release|Any CPU.Build.0 = Release|Any CPU
		{3CC1D331-01CF-4DB0-B803-A213466D5A43}.Debug|Any CPU.ActiveCfg = Debug|Any CPU
		{3CC1D331-01CF-4DB0-B803-A213466D5A43}.Debug|Any CPU.Build.0 = Debug|Any CPU
		{3CC1D331-01CF-4DB0-B803-A213466D5A43}.Release|Any CPU.ActiveCfg = Release|Any CPU
		{3CC1D331-01CF-4DB0-B803-A213466D5A43}.Release|Any CPU.Build.0 = Release|Any CPU
		{8ACB8E3D-504E-4C00-AF38-929EF03A2179}.Debug|Any CPU.ActiveCfg = Debug|Any CPU
		{8ACB8E3D-504E-4C00-AF38-929EF03A2179}.Debug|Any CPU.Build.0 = Debug|Any CPU
		{8ACB8E3D-504E-4C00-AF38-929EF03A2179}.Release|Any CPU.ActiveCfg = Release|Any CPU
		{8ACB8E3D-504E-4C00-AF38-929EF03A2179}.Release|Any CPU.Build.0 = Release|Any CPU
		{3B6C7733-0F7F-4DEC-B702-F13620DE372E}.Debug|Any CPU.ActiveCfg = Debug|Any CPU
		{3B6C7733-0F7F-4DEC-B702-F13620DE372E}.Debug|Any CPU.Build.0 = Debug|Any CPU
		{3B6C7733-0F7F-4DEC-B702-F13620DE372E}.Release|Any CPU.ActiveCfg = Release|Any CPU
		{3B6C7733-0F7F-4DEC-B702-F13620DE372E}.Release|Any CPU.Build.0 = Release|Any CPU
	EndGlobalSection
	GlobalSection(SolutionProperties) = preSolution
		HideSolutionNode = FALSE
	EndGlobalSection
EndGlobal
